
Microsoft Visual Studio Solution File, Format Version 12.00
# Visual Studio Version 16
VisualStudioVersion = 16.0.29009.5
MinimumVisualStudioVersion = 10.0.40219.1
Project("{FAE04EC0-301F-11D3-BF4B-00C04F79EFBC}") = "Localizer", "Localizer\Localizer.csproj", "{95D54B28-B67B-4248-B83A-B5E5426C3806}"
EndProject
Global
	GlobalSection(SolutionConfigurationPlatforms) = preSolution
		Debug|Any CPU = Debug|Any CPU
		Release|Any CPU = Release|Any CPU
	EndGlobalSection
	GlobalSection(ProjectConfigurationPlatforms) = postSolution
		{95D54B28-B67B-4248-B83A-B5E5426C3806}.Debug|Any CPU.ActiveCfg = Debug|Any CPU
		{95D54B28-B67B-4248-B83A-B5E5426C3806}.Debug|Any CPU.Build.0 = Debug|Any CPU
		{95D54B28-B67B-4248-B83A-B5E5426C3806}.Release|Any CPU.ActiveCfg = Release|Any CPU
		{95D54B28-B67B-4248-B83A-B5E5426C3806}.Release|Any CPU.Build.0 = Release|Any CPU
	EndGlobalSection
	GlobalSection(SolutionProperties) = preSolution
		HideSolutionNode = FALSE
	EndGlobalSection
	GlobalSection(ExtensibilityGlobals) = postSolution
		SolutionGuid = {205BC2C0-6C22-4D90-B9CA-A44D33E09BAC}
	EndGlobalSection
EndGlobal
